// !$*UTF8*$!
{
	archiveVersion = 1;
	classes = {
	};
	objectVersion = 46;
	objects = {

/* Begin PBXBuildFile section */
		311A41CB1EE626BA008E1153 /* ZoomAuthenticationBridge.m in Sources */ = {isa = PBXBuildFile; fileRef = 311A41CA1EE626BA008E1153 /* ZoomAuthenticationBridge.m */; };
		311A41CC1EE626BA008E1153 /* ZoomAuthenticationBridge.h in CopyFiles */ = {isa = PBXBuildFile; fileRef = 311A41C91EE626BA008E1153 /* ZoomAuthenticationBridge.h */; };
		311A41E51EE652CA008E1153 /* ZoomAuthentication.framework in Frameworks */ = {isa = PBXBuildFile; fileRef = 311A41E41EE652CA008E1153 /* ZoomAuthentication.framework */; settings = {ATTRIBUTES = (Required, ); }; };
/* End PBXBuildFile section */

/* Begin PBXCopyFilesBuildPhase section */
		311A41C41EE626BA008E1153 /* CopyFiles */ = {
			isa = PBXCopyFilesBuildPhase;
			buildActionMask = 2147483647;
			dstPath = "include/$(PRODUCT_NAME)";
			dstSubfolderSpec = 16;
			files = (
				311A41CC1EE626BA008E1153 /* ZoomAuthenticationBridge.h in CopyFiles */,
			);
			runOnlyForDeploymentPostprocessing = 0;
		};
/* End PBXCopyFilesBuildPhase section */

/* Begin PBXFileReference section */
		311A41C61EE626BA008E1153 /* libZoomAuthenticationBridge.a */ = {isa = PBXFileReference; explicitFileType = archive.ar; includeInIndex = 0; path = libZoomAuthenticationBridge.a; sourceTree = BUILT_PRODUCTS_DIR; };
		311A41C91EE626BA008E1153 /* ZoomAuthenticationBridge.h */ = {isa = PBXFileReference; lastKnownFileType = sourcecode.c.h; path = ZoomAuthenticationBridge.h; sourceTree = "<group>"; };
		311A41CA1EE626BA008E1153 /* ZoomAuthenticationBridge.m */ = {isa = PBXFileReference; lastKnownFileType = sourcecode.c.objc; path = ZoomAuthenticationBridge.m; sourceTree = "<group>"; };
		311A41E41EE652CA008E1153 /* ZoomAuthentication.framework */ = {isa = PBXFileReference; lastKnownFileType = wrapper.framework; name = ZoomAuthentication.framework; path = ../../ZoomAuthentication.framework; sourceTree = "<group>"; };
/* End PBXFileReference section */

/* Begin PBXFrameworksBuildPhase section */
		311A41C31EE626BA008E1153 /* Frameworks */ = {
			isa = PBXFrameworksBuildPhase;
			buildActionMask = 2147483647;
			files = (
				311A41E51EE652CA008E1153 /* ZoomAuthentication.framework in Frameworks */,
			);
			runOnlyForDeploymentPostprocessing = 0;
		};
/* End PBXFrameworksBuildPhase section */

/* Begin PBXGroup section */
		311A41BD1EE626BA008E1153 = {
			isa = PBXGroup;
			children = (
				311A41C81EE626BA008E1153 /* ZoomAuthenticationBridge */,
				311A41C71EE626BA008E1153 /* Products */,
				311A41E31EE652C6008E1153 /* Frameworks */,
			);
			sourceTree = "<group>";
		};
		311A41C71EE626BA008E1153 /* Products */ = {
			isa = PBXGroup;
			children = (
				311A41C61EE626BA008E1153 /* libZoomAuthenticationBridge.a */,
			);
			name = Products;
			sourceTree = "<group>";
		};
		311A41C81EE626BA008E1153 /* ZoomAuthenticationBridge */ = {
			isa = PBXGroup;
			children = (
				311A41C91EE626BA008E1153 /* ZoomAuthenticationBridge.h */,
				311A41CA1EE626BA008E1153 /* ZoomAuthenticationBridge.m */,
			);
			path = ZoomAuthenticationBridge;
			sourceTree = "<group>";
		};
		311A41E31EE652C6008E1153 /* Frameworks */ = {
			isa = PBXGroup;
			children = (
				311A41E41EE652CA008E1153 /* ZoomAuthentication.framework */,
			);
			name = Frameworks;
			sourceTree = "<group>";
		};
/* End PBXGroup section */

/* Begin PBXNativeTarget section */
		311A41C51EE626BA008E1153 /* ZoomAuthenticationBridge */ = {
			isa = PBXNativeTarget;
			buildConfigurationList = 311A41CF1EE626BA008E1153 /* Build configuration list for PBXNativeTarget "ZoomAuthenticationBridge" */;
			buildPhases = (
				311A41C21EE626BA008E1153 /* Sources */,
				311A41C31EE626BA008E1153 /* Frameworks */,
				311A41C41EE626BA008E1153 /* CopyFiles */,
			);
			buildRules = (
			);
			dependencies = (
			);
			name = ZoomAuthenticationBridge;
			productName = ZoomAuthenticationBridge;
			productReference = 311A41C61EE626BA008E1153 /* libZoomAuthenticationBridge.a */;
			productType = "com.apple.product-type.library.static";
		};
/* End PBXNativeTarget section */

/* Begin PBXProject section */
		311A41BE1EE626BA008E1153 /* Project object */ = {
			isa = PBXProject;
			attributes = {
				LastUpgradeCheck = 0830;
				ORGANIZATIONNAME = "FaceTec, Inc.";
				TargetAttributes = {
					311A41C51EE626BA008E1153 = {
						CreatedOnToolsVersion = 8.3.2;
						DevelopmentTeam = T8HNSGQ9RZ;
						ProvisioningStyle = Automatic;
					};
				};
			};
			buildConfigurationList = 311A41C11EE626BA008E1153 /* Build configuration list for PBXProject "ZoomAuthenticationBridge" */;
			compatibilityVersion = "Xcode 3.2";
			developmentRegion = English;
			hasScannedForEncodings = 0;
			knownRegions = (
				en,
			);
			mainGroup = 311A41BD1EE626BA008E1153;
			productRefGroup = 311A41C71EE626BA008E1153 /* Products */;
			projectDirPath = "";
			projectRoot = "";
			targets = (
				311A41C51EE626BA008E1153 /* ZoomAuthenticationBridge */,
			);
		};
/* End PBXProject section */

/* Begin PBXSourcesBuildPhase section */
		311A41C21EE626BA008E1153 /* Sources */ = {
			isa = PBXSourcesBuildPhase;
			buildActionMask = 2147483647;
			files = (
				311A41CB1EE626BA008E1153 /* ZoomAuthenticationBridge.m in Sources */,
			);
			runOnlyForDeploymentPostprocessing = 0;
		};
/* End PBXSourcesBuildPhase section */

/* Begin XCBuildConfiguration section */
		311A41CD1EE626BA008E1153 /* Debug */ = {
			isa = XCBuildConfiguration;
			buildSettings = {
				ALWAYS_SEARCH_USER_PATHS = NO;
				CLANG_ANALYZER_NONNULL = YES;
				CLANG_ANALYZER_NUMBER_OBJECT_CONVERSION = YES_AGGRESSIVE;
				CLANG_CXX_LANGUAGE_STANDARD = "gnu++0x";
				CLANG_CXX_LIBRARY = "libc++";
				CLANG_ENABLE_MODULES = YES;
				CLANG_ENABLE_OBJC_ARC = YES;
				CLANG_WARN_BOOL_CONVERSION = YES;
				CLANG_WARN_CONSTANT_CONVERSION = YES;
				CLANG_WARN_DIRECT_OBJC_ISA_USAGE = YES_ERROR;
				CLANG_WARN_DOCUMENTATION_COMMENTS = YES;
				CLANG_WARN_EMPTY_BODY = YES;
				CLANG_WARN_ENUM_CONVERSION = YES;
				CLANG_WARN_INFINITE_RECURSION = YES;
				CLANG_WARN_INT_CONVERSION = YES;
				CLANG_WARN_OBJC_ROOT_CLASS = YES_ERROR;
				CLANG_WARN_SUSPICIOUS_MOVE = YES;
				CLANG_WARN_UNREACHABLE_CODE = YES;
				CLANG_WARN__DUPLICATE_METHOD_MATCH = YES;
				"CODE_SIGN_IDENTITY[sdk=iphoneos*]" = "iPhone Developer";
				COPY_PHASE_STRIP = NO;
				DEBUG_INFORMATION_FORMAT = dwarf;
				ENABLE_STRICT_OBJC_MSGSEND = YES;
				ENABLE_TESTABILITY = YES;
				GCC_C_LANGUAGE_STANDARD = gnu99;
				GCC_DYNAMIC_NO_PIC = NO;
				GCC_NO_COMMON_BLOCKS = YES;
				GCC_OPTIMIZATION_LEVEL = 0;
				GCC_PREPROCESSOR_DEFINITIONS = (
					"DEBUG=1",
					"$(inherited)",
				);
				GCC_WARN_64_TO_32_BIT_CONVERSION = YES;
				GCC_WARN_ABOUT_RETURN_TYPE = YES_ERROR;
				GCC_WARN_UNDECLARED_SELECTOR = YES;
				GCC_WARN_UNINITIALIZED_AUTOS = YES_AGGRESSIVE;
				GCC_WARN_UNUSED_FUNCTION = YES;
				GCC_WARN_UNUSED_VARIABLE = YES;
				IPHONEOS_DEPLOYMENT_TARGET = 9.0;
				MTL_ENABLE_DEBUG_INFO = YES;
				ONLY_ACTIVE_ARCH = YES;
				SDKROOT = iphoneos;
			};
			name = Debug;
		};
		311A41CE1EE626BA008E1153 /* Release */ = {
			isa = XCBuildConfiguration;
			buildSettings = {
				ALWAYS_SEARCH_USER_PATHS = NO;
				CLANG_ANALYZER_NONNULL = YES;
				CLANG_ANALYZER_NUMBER_OBJECT_CONVERSION = YES_AGGRESSIVE;
				CLANG_CXX_LANGUAGE_STANDARD = "gnu++0x";
				CLANG_CXX_LIBRARY = "libc++";
				CLANG_ENABLE_MODULES = YES;
				CLANG_ENABLE_OBJC_ARC = YES;
				CLANG_WARN_BOOL_CONVERSION = YES;
				CLANG_WARN_CONSTANT_CONVERSION = YES;
				CLANG_WARN_DIRECT_OBJC_ISA_USAGE = YES_ERROR;
				CLANG_WARN_DOCUMENTATION_COMMENTS = YES;
				CLANG_WARN_EMPTY_BODY = YES;
				CLANG_WARN_ENUM_CONVERSION = YES;
				CLANG_WARN_INFINITE_RECURSION = YES;
				CLANG_WARN_INT_CONVERSION = YES;
				CLANG_WARN_OBJC_ROOT_CLASS = YES_ERROR;
				CLANG_WARN_SUSPICIOUS_MOVE = YES;
				CLANG_WARN_UNREACHABLE_CODE = YES;
				CLANG_WARN__DUPLICATE_METHOD_MATCH = YES;
				"CODE_SIGN_IDENTITY[sdk=iphoneos*]" = "iPhone Developer";
				COPY_PHASE_STRIP = NO;
				DEBUG_INFORMATION_FORMAT = "dwarf-with-dsym";
				ENABLE_NS_ASSERTIONS = NO;
				ENABLE_STRICT_OBJC_MSGSEND = YES;
				GCC_C_LANGUAGE_STANDARD = gnu99;
				GCC_NO_COMMON_BLOCKS = YES;
				GCC_WARN_64_TO_32_BIT_CONVERSION = YES;
				GCC_WARN_ABOUT_RETURN_TYPE = YES_ERROR;
				GCC_WARN_UNDECLARED_SELECTOR = YES;
				GCC_WARN_UNINITIALIZED_AUTOS = YES_AGGRESSIVE;
				GCC_WARN_UNUSED_FUNCTION = YES;
				GCC_WARN_UNUSED_VARIABLE = YES;
				IPHONEOS_DEPLOYMENT_TARGET = 9.0;
				MTL_ENABLE_DEBUG_INFO = NO;
				SDKROOT = iphoneos;
				VALIDATE_PRODUCT = YES;
			};
			name = Release;
		};
		311A41D01EE626BA008E1153 /* Debug */ = {
			isa = XCBuildConfiguration;
			buildSettings = {
				DEVELOPMENT_TEAM = T8HNSGQ9RZ;
				FRAMEWORK_SEARCH_PATHS = ../../;
				OTHER_LDFLAGS = "-ObjC";
				PRODUCT_NAME = "$(TARGET_NAME)";
				SKIP_INSTALL = YES;
			};
			name = Debug;
		};
		311A41D11EE626BA008E1153 /* Release */ = {
			isa = XCBuildConfiguration;
			buildSettings = {
				DEVELOPMENT_TEAM = T8HNSGQ9RZ;
				FRAMEWORK_SEARCH_PATHS = ../../;
				OTHER_LDFLAGS = "-ObjC";
				PRODUCT_NAME = "$(TARGET_NAME)";
				SKIP_INSTALL = YES;
			};
			name = Release;
		};
/* End XCBuildConfiguration section */

/* Begin XCConfigurationList section */
		311A41C11EE626BA008E1153 /* Build configuration list for PBXProject "ZoomAuthenticationBridge" */ = {
			isa = XCConfigurationList;
			buildConfigurations = (
				311A41CD1EE626BA008E1153 /* Debug */,
				311A41CE1EE626BA008E1153 /* Release */,
			);
			defaultConfigurationIsVisible = 0;
			defaultConfigurationName = Release;
		};
		311A41CF1EE626BA008E1153 /* Build configuration list for PBXNativeTarget "ZoomAuthenticationBridge" */ = {
			isa = XCConfigurationList;
			buildConfigurations = (
				311A41D01EE626BA008E1153 /* Debug */,
				311A41D11EE626BA008E1153 /* Release */,
			);
			defaultConfigurationIsVisible = 0;
			defaultConfigurationName = Release;
		};
/* End XCConfigurationList section */
	};
	rootObject = 311A41BE1EE626BA008E1153 /* Project object */;
}
