
Microsoft Visual Studio Solution File, Format Version 12.00
# Visual Studio 2012
Project("{2150E333-8FDC-42A3-9474-1A3956D46DE8}") = "Samples", "Samples", "{5890E072-6FCF-469B-BE3B-44170B34EC3E}"
EndProject
Project("{FAE04EC0-301F-11D3-BF4B-00C04F79EFBC}") = "ZoomAndroidBinding", "AndroidBinding\ZoomAndroidBinding.csproj", "{D2A30846-7918-4112-9CB6-AF5769F43A67}"
EndProject
Project("{FAE04EC0-301F-11D3-BF4B-00C04F79EFBC}") = "iOSBinding", "iOSBinding\iOSBinding.csproj", "{99B5B3C0-6E42-4834-A9FD-DCF5C27DD821}"
EndProject
Global
	GlobalSection(SolutionConfigurationPlatforms) = preSolution
		Debug|Any CPU = Debug|Any CPU
		Release|Any CPU = Release|Any CPU
	EndGlobalSection
	GlobalSection(ProjectConfigurationPlatforms) = postSolution
		{D2A30846-7918-4112-9CB6-AF5769F43A67}.Debug|Any CPU.ActiveCfg = Debug|Any CPU
		{D2A30846-7918-4112-9CB6-AF5769F43A67}.Debug|Any CPU.Build.0 = Debug|Any CPU
		{D2A30846-7918-4112-9CB6-AF5769F43A67}.Release|Any CPU.ActiveCfg = Release|Any CPU
		{D2A30846-7918-4112-9CB6-AF5769F43A67}.Release|Any CPU.Build.0 = Release|Any CPU
		{99B5B3C0-6E42-4834-A9FD-DCF5C27DD821}.Debug|Any CPU.ActiveCfg = Debug|Any CPU
		{99B5B3C0-6E42-4834-A9FD-DCF5C27DD821}.Debug|Any CPU.Build.0 = Debug|Any CPU
		{99B5B3C0-6E42-4834-A9FD-DCF5C27DD821}.Release|Any CPU.ActiveCfg = Release|Any CPU
		{99B5B3C0-6E42-4834-A9FD-DCF5C27DD821}.Release|Any CPU.Build.0 = Release|Any CPU
	EndGlobalSection
EndGlobal
